// !$*UTF8*$!
{
	archiveVersion = 1;
	classes = {
	};
	objectVersion = 46;
	objects = {

/* Begin PBXBuildFile section */
		8618ADE11D08E77D004B3C99 /* AppDelegate.swift in Sources */ = {isa = PBXBuildFile; fileRef = 8618ADE01D08E77D004B3C99 /* AppDelegate.swift */; };
		8618ADE31D08E77D004B3C99 /* RecordAudioViewController.swift in Sources */ = {isa = PBXBuildFile; fileRef = 8618ADE21D08E77D004B3C99 /* RecordAudioViewController.swift */; };
		8618ADE61D08E77E004B3C99 /* Main.storyboard in Resources */ = {isa = PBXBuildFile; fileRef = 8618ADE41D08E77E004B3C99 /* Main.storyboard */; };
		8618ADE81D08E77E004B3C99 /* Assets.xcassets in Resources */ = {isa = PBXBuildFile; fileRef = 8618ADE71D08E77E004B3C99 /* Assets.xcassets */; };
		8618ADEB1D08E77E004B3C99 /* LaunchScreen.storyboard in Resources */ = {isa = PBXBuildFile; fileRef = 8618ADE91D08E77E004B3C99 /* LaunchScreen.storyboard */; };
		8618ADF61D08E77E004B3C99 /* PitchPerfectTests.swift in Sources */ = {isa = PBXBuildFile; fileRef = 8618ADF51D08E77E004B3C99 /* PitchPerfectTests.swift */; };
		8618AE011D08E77E004B3C99 /* PitchPerfectUITests.swift in Sources */ = {isa = PBXBuildFile; fileRef = 8618AE001D08E77E004B3C99 /* PitchPerfectUITests.swift */; };
		8663A69B1D136019004E2569 /* PlaySoundsViewController+Audio.swift in Sources */ = {isa = PBXBuildFile; fileRef = 8663A69A1D136019004E2569 /* PlaySoundsViewController+Audio.swift */; };
		86A1F9951D125A1C0088B459 /* PlaySoundsViewController.swift in Sources */ = {isa = PBXBuildFile; fileRef = 86A1F9941D125A1C0088B459 /* PlaySoundsViewController.swift */; };
/* End PBXBuildFile section */

/* Begin PBXContainerItemProxy section */
		8618ADF21D08E77E004B3C99 /* PBXContainerItemProxy */ = {
			isa = PBXContainerItemProxy;
			containerPortal = 8618ADD51D08E77D004B3C99 /* Project object */;
			proxyType = 1;
			remoteGlobalIDString = 8618ADDC1D08E77D004B3C99;
			remoteInfo = PitchPerfect;
		};
		8618ADFD1D08E77E004B3C99 /* PBXContainerItemProxy */ = {
			isa = PBXContainerItemProxy;
			containerPortal = 8618ADD51D08E77D004B3C99 /* Project object */;
			proxyType = 1;
			remoteGlobalIDString = 8618ADDC1D08E77D004B3C99;
			remoteInfo = PitchPerfect;
		};
/* End PBXContainerItemProxy section */

/* Begin PBXFileReference section */
		8618ADDD1D08E77D004B3C99 /* PitchPerfect.app */ = {isa = PBXFileReference; explicitFileType = wrapper.application; includeInIndex = 0; path = PitchPerfect.app; sourceTree = BUILT_PRODUCTS_DIR; };
		8618ADE01D08E77D004B3C99 /* AppDelegate.swift */ = {isa = PBXFileReference; lastKnownFileType = sourcecode.swift; path = AppDelegate.swift; sourceTree = "<group>"; };
		8618ADE21D08E77D004B3C99 /* RecordAudioViewController.swift */ = {isa = PBXFileReference; lastKnownFileType = sourcecode.swift; path = RecordAudioViewController.swift; sourceTree = "<group>"; };
		8618ADE51D08E77E004B3C99 /* Base */ = {isa = PBXFileReference; lastKnownFileType = file.storyboard; name = Base; path = Base.lproj/Main.storyboard; sourceTree = "<group>"; };
		8618ADE71D08E77E004B3C99 /* Assets.xcassets */ = {isa = PBXFileReference; lastKnownFileType = folder.assetcatalog; path = Assets.xcassets; sourceTree = "<group>"; };
		8618ADEA1D08E77E004B3C99 /* Base */ = {isa = PBXFileReference; lastKnownFileType = file.storyboard; name = Base; path = Base.lproj/LaunchScreen.storyboard; sourceTree = "<group>"; };
		8618ADEC1D08E77E004B3C99 /* Info.plist */ = {isa = PBXFileReference; lastKnownFileType = text.plist.xml; path = Info.plist; sourceTree = "<group>"; };
		8618ADF11D08E77E004B3C99 /* PitchPerfectTests.xctest */ = {isa = PBXFileReference; explicitFileType = wrapper.cfbundle; includeInIndex = 0; path = PitchPerfectTests.xctest; sourceTree = BUILT_PRODUCTS_DIR; };
		8618ADF51D08E77E004B3C99 /* PitchPerfectTests.swift */ = {isa = PBXFileReference; lastKnownFileType = sourcecode.swift; path = PitchPerfectTests.swift; sourceTree = "<group>"; };
		8618ADF71D08E77E004B3C99 /* Info.plist */ = {isa = PBXFileReference; lastKnownFileType = text.plist.xml; path = Info.plist; sourceTree = "<group>"; };
		8618ADFC1D08E77E004B3C99 /* PitchPerfectUITests.xctest */ = {isa = PBXFileReference; explicitFileType = wrapper.cfbundle; includeInIndex = 0; path = PitchPerfectUITests.xctest; sourceTree = BUILT_PRODUCTS_DIR; };
		8618AE001D08E77E004B3C99 /* PitchPerfectUITests.swift */ = {isa = PBXFileReference; lastKnownFileType = sourcecode.swift; path = PitchPerfectUITests.swift; sourceTree = "<group>"; };
		8618AE021D08E77E004B3C99 /* Info.plist */ = {isa = PBXFileReference; lastKnownFileType = text.plist.xml; path = Info.plist; sourceTree = "<group>"; };
		8663A69A1D136019004E2569 /* PlaySoundsViewController+Audio.swift */ = {isa = PBXFileReference; fileEncoding = 4; lastKnownFileType = sourcecode.swift; path = "PlaySoundsViewController+Audio.swift"; sourceTree = "<group>"; };
		86A1F9941D125A1C0088B459 /* PlaySoundsViewController.swift */ = {isa = PBXFileReference; fileEncoding = 4; lastKnownFileType = sourcecode.swift; path = PlaySoundsViewController.swift; sourceTree = "<group>"; };
/* End PBXFileReference section */

/* Begin PBXFrameworksBuildPhase section */
		8618ADDA1D08E77D004B3C99 /* Frameworks */ = {
			isa = PBXFrameworksBuildPhase;
			buildActionMask = 2147483647;
			files = (
			);
			runOnlyForDeploymentPostprocessing = 0;
		};
		8618ADEE1D08E77E004B3C99 /* Frameworks */ = {
			isa = PBXFrameworksBuildPhase;
			buildActionMask = 2147483647;
			files = (
			);
			runOnlyForDeploymentPostprocessing = 0;
		};
		8618ADF91D08E77E004B3C99 /* Frameworks */ = {
			isa = PBXFrameworksBuildPhase;
			buildActionMask = 2147483647;
			files = (
			);
			runOnlyForDeploymentPostprocessing = 0;
		};
/* End PBXFrameworksBuildPhase section */

/* Begin PBXGroup section */
		8618ADD41D08E77D004B3C99 = {
			isa = PBXGroup;
			children = (
				8618ADDF1D08E77D004B3C99 /* PitchPerfect */,
				8618ADF41D08E77E004B3C99 /* PitchPerfectTests */,
				8618ADFF1D08E77E004B3C99 /* PitchPerfectUITests */,
				8618ADDE1D08E77D004B3C99 /* Products */,
			);
			sourceTree = "<group>";
		};
		8618ADDE1D08E77D004B3C99 /* Products */ = {
			isa = PBXGroup;
			children = (
				8618ADDD1D08E77D004B3C99 /* PitchPerfect.app */,
				8618ADF11D08E77E004B3C99 /* PitchPerfectTests.xctest */,
				8618ADFC1D08E77E004B3C99 /* PitchPerfectUITests.xctest */,
			);
			name = Products;
			sourceTree = "<group>";
		};
		8618ADDF1D08E77D004B3C99 /* PitchPerfect */ = {
			isa = PBXGroup;
			children = (
				8618ADE01D08E77D004B3C99 /* AppDelegate.swift */,
				8618ADE21D08E77D004B3C99 /* RecordAudioViewController.swift */,
				8663A69A1D136019004E2569 /* PlaySoundsViewController+Audio.swift */,
				86A1F9941D125A1C0088B459 /* PlaySoundsViewController.swift */,
				8618ADE41D08E77E004B3C99 /* Main.storyboard */,
				8618ADE71D08E77E004B3C99 /* Assets.xcassets */,
				8618ADE91D08E77E004B3C99 /* LaunchScreen.storyboard */,
				8618ADEC1D08E77E004B3C99 /* Info.plist */,
			);
			path = PitchPerfect;
			sourceTree = "<group>";
		};
		8618ADF41D08E77E004B3C99 /* PitchPerfectTests */ = {
			isa = PBXGroup;
			children = (
				8618ADF51D08E77E004B3C99 /* PitchPerfectTests.swift */,
				8618ADF71D08E77E004B3C99 /* Info.plist */,
			);
			path = PitchPerfectTests;
			sourceTree = "<group>";
		};
		8618ADFF1D08E77E004B3C99 /* PitchPerfectUITests */ = {
			isa = PBXGroup;
			children = (
				8618AE001D08E77E004B3C99 /* PitchPerfectUITests.swift */,
				8618AE021D08E77E004B3C99 /* Info.plist */,
			);
			path = PitchPerfectUITests;
			sourceTree = "<group>";
		};
/* End PBXGroup section */

/* Begin PBXNativeTarget section */
		8618ADDC1D08E77D004B3C99 /* PitchPerfect */ = {
			isa = PBXNativeTarget;
			buildConfigurationList = 8618AE051D08E77E004B3C99 /* Build configuration list for PBXNativeTarget "PitchPerfect" */;
			buildPhases = (
				8618ADD91D08E77D004B3C99 /* Sources */,
				8618ADDA1D08E77D004B3C99 /* Frameworks */,
				8618ADDB1D08E77D004B3C99 /* Resources */,
			);
			buildRules = (
			);
			dependencies = (
			);
			name = PitchPerfect;
			productName = PitchPerfect;
			productReference = 8618ADDD1D08E77D004B3C99 /* PitchPerfect.app */;
			productType = "com.apple.product-type.application";
		};
		8618ADF01D08E77E004B3C99 /* PitchPerfectTests */ = {
			isa = PBXNativeTarget;
			buildConfigurationList = 8618AE081D08E77E004B3C99 /* Build configuration list for PBXNativeTarget "PitchPerfectTests" */;
			buildPhases = (
				8618ADED1D08E77E004B3C99 /* Sources */,
				8618ADEE1D08E77E004B3C99 /* Frameworks */,
				8618ADEF1D08E77E004B3C99 /* Resources */,
			);
			buildRules = (
			);
			dependencies = (
				8618ADF31D08E77E004B3C99 /* PBXTargetDependency */,
			);
			name = PitchPerfectTests;
			productName = PitchPerfectTests;
			productReference = 8618ADF11D08E77E004B3C99 /* PitchPerfectTests.xctest */;
			productType = "com.apple.product-type.bundle.unit-test";
		};
		8618ADFB1D08E77E004B3C99 /* PitchPerfectUITests */ = {
			isa = PBXNativeTarget;
			buildConfigurationList = 8618AE0B1D08E77E004B3C99 /* Build configuration list for PBXNativeTarget "PitchPerfectUITests" */;
			buildPhases = (
				8618ADF81D08E77E004B3C99 /* Sources */,
				8618ADF91D08E77E004B3C99 /* Frameworks */,
				8618ADFA1D08E77E004B3C99 /* Resources */,
			);
			buildRules = (
			);
			dependencies = (
				8618ADFE1D08E77E004B3C99 /* PBXTargetDependency */,
			);
			name = PitchPerfectUITests;
			productName = PitchPerfectUITests;
			productReference = 8618ADFC1D08E77E004B3C99 /* PitchPerfectUITests.xctest */;
			productType = "com.apple.product-type.bundle.ui-testing";
		};
/* End PBXNativeTarget section */

/* Begin PBXProject section */
		8618ADD51D08E77D004B3C99 /* Project object */ = {
			isa = PBXProject;
			attributes = {
				LastSwiftUpdateCheck = 0730;
				LastUpgradeCheck = 0730;
				ORGANIZATIONNAME = "Megha Rastogi";
				TargetAttributes = {
					8618ADDC1D08E77D004B3C99 = {
						CreatedOnToolsVersion = 7.3.1;
					};
					8618ADF01D08E77E004B3C99 = {
						CreatedOnToolsVersion = 7.3.1;
						TestTargetID = 8618ADDC1D08E77D004B3C99;
					};
					8618ADFB1D08E77E004B3C99 = {
						CreatedOnToolsVersion = 7.3.1;
						TestTargetID = 8618ADDC1D08E77D004B3C99;
					};
				};
			};
			buildConfigurationList = 8618ADD81D08E77D004B3C99 /* Build configuration list for PBXProject "PitchPerfect" */;
			compatibilityVersion = "Xcode 3.2";
			developmentRegion = English;
			hasScannedForEncodings = 0;
			knownRegions = (
				en,
				Base,
			);
			mainGroup = 8618ADD41D08E77D004B3C99;
			productRefGroup = 8618ADDE1D08E77D004B3C99 /* Products */;
			projectDirPath = "";
			projectRoot = "";
			targets = (
				8618ADDC1D08E77D004B3C99 /* PitchPerfect */,
				8618ADF01D08E77E004B3C99 /* PitchPerfectTests */,
				8618ADFB1D08E77E004B3C99 /* PitchPerfectUITests */,
			);
		};
/* End PBXProject section */

/* Begin PBXResourcesBuildPhase section */
		8618ADDB1D08E77D004B3C99 /* Resources */ = {
			isa = PBXResourcesBuildPhase;
			buildActionMask = 2147483647;
			files = (
				8618ADEB1D08E77E004B3C99 /* LaunchScreen.storyboard in Resources */,
				8618ADE81D08E77E004B3C99 /* Assets.xcassets in Resources */,
				8618ADE61D08E77E004B3C99 /* Main.storyboard in Resources */,
			);
			runOnlyForDeploymentPostprocessing = 0;
		};
		8618ADEF1D08E77E004B3C99 /* Resources */ = {
			isa = PBXResourcesBuildPhase;
			buildActionMask = 2147483647;
			files = (
			);
			runOnlyForDeploymentPostprocessing = 0;
		};
		8618ADFA1D08E77E004B3C99 /* Resources */ = {
			isa = PBXResourcesBuildPhase;
			buildActionMask = 2147483647;
			files = (
			);
			runOnlyForDeploymentPostprocessing = 0;
		};
/* End PBXResourcesBuildPhase section */

/* Begin PBXSourcesBuildPhase section */
		8618ADD91D08E77D004B3C99 /* Sources */ = {
			isa = PBXSourcesBuildPhase;
			buildActionMask = 2147483647;
			files = (
				8618ADE31D08E77D004B3C99 /* RecordAudioViewController.swift in Sources */,
				8663A69B1D136019004E2569 /* PlaySoundsViewController+Audio.swift in Sources */,
				86A1F9951D125A1C0088B459 /* PlaySoundsViewController.swift in Sources */,
				8618ADE11D08E77D004B3C99 /* AppDelegate.swift in Sources */,
			);
			runOnlyForDeploymentPostprocessing = 0;
		};
		8618ADED1D08E77E004B3C99 /* Sources */ = {
			isa = PBXSourcesBuildPhase;
			buildActionMask = 2147483647;
			files = (
				8618ADF61D08E77E004B3C99 /* PitchPerfectTests.swift in Sources */,
			);
			runOnlyForDeploymentPostprocessing = 0;
		};
		8618ADF81D08E77E004B3C99 /* Sources */ = {
			isa = PBXSourcesBuildPhase;
			buildActionMask = 2147483647;
			files = (
				8618AE011D08E77E004B3C99 /* PitchPerfectUITests.swift in Sources */,
			);
			runOnlyForDeploymentPostprocessing = 0;
		};
/* End PBXSourcesBuildPhase section */

/* Begin PBXTargetDependency section */
		8618ADF31D08E77E004B3C99 /* PBXTargetDependency */ = {
			isa = PBXTargetDependency;
			target = 8618ADDC1D08E77D004B3C99 /* PitchPerfect */;
			targetProxy = 8618ADF21D08E77E004B3C99 /* PBXContainerItemProxy */;
		};
		8618ADFE1D08E77E004B3C99 /* PBXTargetDependency */ = {
			isa = PBXTargetDependency;
			target = 8618ADDC1D08E77D004B3C99 /* PitchPerfect */;
			targetProxy = 8618ADFD1D08E77E004B3C99 /* PBXContainerItemProxy */;
		};
/* End PBXTargetDependency section */

/* Begin PBXVariantGroup section */
		8618ADE41D08E77E004B3C99 /* Main.storyboard */ = {
			isa = PBXVariantGroup;
			children = (
				8618ADE51D08E77E004B3C99 /* Base */,
			);
			name = Main.storyboard;
			sourceTree = "<group>";
		};
		8618ADE91D08E77E004B3C99 /* LaunchScreen.storyboard */ = {
			isa = PBXVariantGroup;
			children = (
				8618ADEA1D08E77E004B3C99 /* Base */,
			);
			name = LaunchScreen.storyboard;
			sourceTree = "<group>";
		};
/* End PBXVariantGroup section */

/* Begin XCBuildConfiguration section */
		8618AE031D08E77E004B3C99 /* Debug */ = {
			isa = XCBuildConfiguration;
			buildSettings = {
				ALWAYS_SEARCH_USER_PATHS = NO;
				CLANG_ANALYZER_NONNULL = YES;
				CLANG_CXX_LANGUAGE_STANDARD = "gnu++0x";
				CLANG_CXX_LIBRARY = "libc++";
				CLANG_ENABLE_MODULES = YES;
				CLANG_ENABLE_OBJC_ARC = YES;
				CLANG_WARN_BOOL_CONVERSION = YES;
				CLANG_WARN_CONSTANT_CONVERSION = YES;
				CLANG_WARN_DIRECT_OBJC_ISA_USAGE = YES_ERROR;
				CLANG_WARN_EMPTY_BODY = YES;
				CLANG_WARN_ENUM_CONVERSION = YES;
				CLANG_WARN_INT_CONVERSION = YES;
				CLANG_WARN_OBJC_ROOT_CLASS = YES_ERROR;
				CLANG_WARN_UNREACHABLE_CODE = YES;
				CLANG_WARN__DUPLICATE_METHOD_MATCH = YES;
				"CODE_SIGN_IDENTITY[sdk=iphoneos*]" = "iPhone Developer";
				COPY_PHASE_STRIP = NO;
				DEBUG_INFORMATION_FORMAT = dwarf;
				ENABLE_STRICT_OBJC_MSGSEND = YES;
				ENABLE_TESTABILITY = YES;
				GCC_C_LANGUAGE_STANDARD = gnu99;
				GCC_DYNAMIC_NO_PIC = NO;
				GCC_NO_COMMON_BLOCKS = YES;
				GCC_OPTIMIZATION_LEVEL = 0;
				GCC_PREPROCESSOR_DEFINITIONS = (
					"DEBUG=1",
					"$(inherited)",
				);
				GCC_WARN_64_TO_32_BIT_CONVERSION = YES;
				GCC_WARN_ABOUT_RETURN_TYPE = YES_ERROR;
				GCC_WARN_UNDECLARED_SELECTOR = YES;
				GCC_WARN_UNINITIALIZED_AUTOS = YES_AGGRESSIVE;
				GCC_WARN_UNUSED_FUNCTION = YES;
				GCC_WARN_UNUSED_VARIABLE = YES;
				IPHONEOS_DEPLOYMENT_TARGET = 9.3;
				MTL_ENABLE_DEBUG_INFO = YES;
				ONLY_ACTIVE_ARCH = YES;
				SDKROOT = iphoneos;
				SWIFT_OPTIMIZATION_LEVEL = "-Onone";
				TARGETED_DEVICE_FAMILY = "1,2";
			};
			name = Debug;
		};
		8618AE041D08E77E004B3C99 /* Release */ = {
			isa = XCBuildConfiguration;
			buildSettings = {
				ALWAYS_SEARCH_USER_PATHS = NO;
				CLANG_ANALYZER_NONNULL = YES;
				CLANG_CXX_LANGUAGE_STANDARD = "gnu++0x";
				CLANG_CXX_LIBRARY = "libc++";
				CLANG_ENABLE_MODULES = YES;
				CLANG_ENABLE_OBJC_ARC = YES;
				CLANG_WARN_BOOL_CONVERSION = YES;
				CLANG_WARN_CONSTANT_CONVERSION = YES;
				CLANG_WARN_DIRECT_OBJC_ISA_USAGE = YES_ERROR;
				CLANG_WARN_EMPTY_BODY = YES;
				CLANG_WARN_ENUM_CONVERSION = YES;
				CLANG_WARN_INT_CONVERSION = YES;
				CLANG_WARN_OBJC_ROOT_CLASS = YES_ERROR;
				CLANG_WARN_UNREACHABLE_CODE = YES;
				CLANG_WARN__DUPLICATE_METHOD_MATCH = YES;
				"CODE_SIGN_IDENTITY[sdk=iphoneos*]" = "iPhone Developer";
				COPY_PHASE_STRIP = NO;
				DEBUG_INFORMATION_FORMAT = "dwarf-with-dsym";
				ENABLE_NS_ASSERTIONS = NO;
				ENABLE_STRICT_OBJC_MSGSEND = YES;
				GCC_C_LANGUAGE_STANDARD = gnu99;
				GCC_NO_COMMON_BLOCKS = YES;
				GCC_WARN_64_TO_32_BIT_CONVERSION = YES;
				GCC_WARN_ABOUT_RETURN_TYPE = YES_ERROR;
				GCC_WARN_UNDECLARED_SELECTOR = YES;
				GCC_WARN_UNINITIALIZED_AUTOS = YES_AGGRESSIVE;
				GCC_WARN_UNUSED_FUNCTION = YES;
				GCC_WARN_UNUSED_VARIABLE = YES;
				IPHONEOS_DEPLOYMENT_TARGET = 9.3;
				MTL_ENABLE_DEBUG_INFO = NO;
				SDKROOT = iphoneos;
				TARGETED_DEVICE_FAMILY = "1,2";
				VALIDATE_PRODUCT = YES;
			};
			name = Release;
		};
		8618AE061D08E77E004B3C99 /* Debug */ = {
			isa = XCBuildConfiguration;
			buildSettings = {
				ASSETCATALOG_COMPILER_APPICON_NAME = AppIcon;
				INFOPLIST_FILE = PitchPerfect/Info.plist;
				LD_RUNPATH_SEARCH_PATHS = "$(inherited) @executable_path/Frameworks";
				PRODUCT_BUNDLE_IDENTIFIER = com.iosexamples.PitchPerfect;
				PRODUCT_NAME = "$(TARGET_NAME)";
			};
			name = Debug;
		};
		8618AE071D08E77E004B3C99 /* Release */ = {
			isa = XCBuildConfiguration;
			buildSettings = {
				ASSETCATALOG_COMPILER_APPICON_NAME = AppIcon;
				INFOPLIST_FILE = PitchPerfect/Info.plist;
				LD_RUNPATH_SEARCH_PATHS = "$(inherited) @executable_path/Frameworks";
				PRODUCT_BUNDLE_IDENTIFIER = com.iosexamples.PitchPerfect;
				PRODUCT_NAME = "$(TARGET_NAME)";
			};
			name = Release;
		};
		8618AE091D08E77E004B3C99 /* Debug */ = {
			isa = XCBuildConfiguration;
			buildSettings = {
				BUNDLE_LOADER = "$(TEST_HOST)";
				INFOPLIST_FILE = PitchPerfectTests/Info.plist;
				LD_RUNPATH_SEARCH_PATHS = "$(inherited) @executable_path/Frameworks @loader_path/Frameworks";
				PRODUCT_BUNDLE_IDENTIFIER = com.iosexamples.PitchPerfectTests;
				PRODUCT_NAME = "$(TARGET_NAME)";
				TEST_HOST = "$(BUILT_PRODUCTS_DIR)/PitchPerfect.app/PitchPerfect";
			};
			name = Debug;
		};
		8618AE0A1D08E77E004B3C99 /* Release */ = {
			isa = XCBuildConfiguration;
			buildSettings = {
				BUNDLE_LOADER = "$(TEST_HOST)";
				INFOPLIST_FILE = PitchPerfectTests/Info.plist;
				LD_RUNPATH_SEARCH_PATHS = "$(inherited) @executable_path/Frameworks @loader_path/Frameworks";
				PRODUCT_BUNDLE_IDENTIFIER = com.iosexamples.PitchPerfectTests;
				PRODUCT_NAME = "$(TARGET_NAME)";
				TEST_HOST = "$(BUILT_PRODUCTS_DIR)/PitchPerfect.app/PitchPerfect";
			};
			name = Release;
		};
		8618AE0C1D08E77E004B3C99 /* Debug */ = {
			isa = XCBuildConfiguration;
			buildSettings = {
				INFOPLIST_FILE = PitchPerfectUITests/Info.plist;
				LD_RUNPATH_SEARCH_PATHS = "$(inherited) @executable_path/Frameworks @loader_path/Frameworks";
				PRODUCT_BUNDLE_IDENTIFIER = com.iosexamples.PitchPerfectUITests;
				PRODUCT_NAME = "$(TARGET_NAME)";
				TEST_TARGET_NAME = PitchPerfect;
			};
			name = Debug;
		};
		8618AE0D1D08E77E004B3C99 /* Release */ = {
			isa = XCBuildConfiguration;
			buildSettings = {
				INFOPLIST_FILE = PitchPerfectUITests/Info.plist;
				LD_RUNPATH_SEARCH_PATHS = "$(inherited) @executable_path/Frameworks @loader_path/Frameworks";
				PRODUCT_BUNDLE_IDENTIFIER = com.iosexamples.PitchPerfectUITests;
				PRODUCT_NAME = "$(TARGET_NAME)";
				TEST_TARGET_NAME = PitchPerfect;
			};
			name = Release;
		};
/* End XCBuildConfiguration section */

/* Begin XCConfigurationList section */
		8618ADD81D08E77D004B3C99 /* Build configuration list for PBXProject "PitchPerfect" */ = {
			isa = XCConfigurationList;
			buildConfigurations = (
				8618AE031D08E77E004B3C99 /* Debug */,
				8618AE041D08E77E004B3C99 /* Release */,
			);
			defaultConfigurationIsVisible = 0;
			defaultConfigurationName = Release;
		};
		8618AE051D08E77E004B3C99 /* Build configuration list for PBXNativeTarget "PitchPerfect" */ = {
			isa = XCConfigurationList;
			buildConfigurations = (
				8618AE061D08E77E004B3C99 /* Debug */,
				8618AE071D08E77E004B3C99 /* Release */,
			);
			defaultConfigurationIsVisible = 0;
			defaultConfigurationName = Release;
		};
		8618AE081D08E77E004B3C99 /* Build configuration list for PBXNativeTarget "PitchPerfectTests" */ = {
			isa = XCConfigurationList;
			buildConfigurations = (
				8618AE091D08E77E004B3C99 /* Debug */,
				8618AE0A1D08E77E004B3C99 /* Release */,
			);
			defaultConfigurationIsVisible = 0;
			defaultConfigurationName = Release;
		};
		8618AE0B1D08E77E004B3C99 /* Build configuration list for PBXNativeTarget "PitchPerfectUITests" */ = {
			isa = XCConfigurationList;
			buildConfigurations = (
				8618AE0C1D08E77E004B3C99 /* Debug */,
				8618AE0D1D08E77E004B3C99 /* Release */,
			);
			defaultConfigurationIsVisible = 0;
			defaultConfigurationName = Release;
		};
/* End XCConfigurationList section */
	};
	rootObject = 8618ADD51D08E77D004B3C99 /* Project object */;
}
