// !$*UTF8*$!
{
	archiveVersion = 1;
	classes = {
	};
	objectVersion = 46;
	objects = {

/* Begin PBXBuildFile section */
		867D8E651D74D8AE0021F9C5 /* ResultViewController.swift in Sources */ = {isa = PBXBuildFile; fileRef = 867D8E641D74D8AE0021F9C5 /* ResultViewController.swift */; };
		86C896EC1D70F92F00FC5ACC /* AppDelegate.swift in Sources */ = {isa = PBXBuildFile; fileRef = 86C896EB1D70F92F00FC5ACC /* AppDelegate.swift */; };
		86C896EE1D70F92F00FC5ACC /* ViewController.swift in Sources */ = {isa = PBXBuildFile; fileRef = 86C896ED1D70F92F00FC5ACC /* ViewController.swift */; };
		86C896F11D70F93000FC5ACC /* Main.storyboard in Resources */ = {isa = PBXBuildFile; fileRef = 86C896EF1D70F92F00FC5ACC /* Main.storyboard */; };
		86C896F31D70F93000FC5ACC /* Assets.xcassets in Resources */ = {isa = PBXBuildFile; fileRef = 86C896F21D70F93000FC5ACC /* Assets.xcassets */; };
		86C896F61D70F93000FC5ACC /* LaunchScreen.storyboard in Resources */ = {isa = PBXBuildFile; fileRef = 86C896F41D70F93000FC5ACC /* LaunchScreen.storyboard */; };
		86C897011D70F93000FC5ACC /* RoshamboTests.swift in Sources */ = {isa = PBXBuildFile; fileRef = 86C897001D70F93000FC5ACC /* RoshamboTests.swift */; };
		86C8970C1D70F93000FC5ACC /* RoshamboUITests.swift in Sources */ = {isa = PBXBuildFile; fileRef = 86C8970B1D70F93000FC5ACC /* RoshamboUITests.swift */; };
/* End PBXBuildFile section */

/* Begin PBXContainerItemProxy section */
		86C896FD1D70F93000FC5ACC /* PBXContainerItemProxy */ = {
			isa = PBXContainerItemProxy;
			containerPortal = 86C896E01D70F92F00FC5ACC /* Project object */;
			proxyType = 1;
			remoteGlobalIDString = 86C896E71D70F92F00FC5ACC;
			remoteInfo = Roshambo;
		};
		86C897081D70F93000FC5ACC /* PBXContainerItemProxy */ = {
			isa = PBXContainerItemProxy;
			containerPortal = 86C896E01D70F92F00FC5ACC /* Project object */;
			proxyType = 1;
			remoteGlobalIDString = 86C896E71D70F92F00FC5ACC;
			remoteInfo = Roshambo;
		};
/* End PBXContainerItemProxy section */

/* Begin PBXFileReference section */
		867D8E641D74D8AE0021F9C5 /* ResultViewController.swift */ = {isa = PBXFileReference; fileEncoding = 4; lastKnownFileType = sourcecode.swift; path = ResultViewController.swift; sourceTree = "<group>"; };
		86C896E81D70F92F00FC5ACC /* Roshambo.app */ = {isa = PBXFileReference; explicitFileType = wrapper.application; includeInIndex = 0; path = Roshambo.app; sourceTree = BUILT_PRODUCTS_DIR; };
		86C896EB1D70F92F00FC5ACC /* AppDelegate.swift */ = {isa = PBXFileReference; lastKnownFileType = sourcecode.swift; path = AppDelegate.swift; sourceTree = "<group>"; };
		86C896ED1D70F92F00FC5ACC /* ViewController.swift */ = {isa = PBXFileReference; lastKnownFileType = sourcecode.swift; path = ViewController.swift; sourceTree = "<group>"; };
		86C896F01D70F92F00FC5ACC /* Base */ = {isa = PBXFileReference; lastKnownFileType = file.storyboard; name = Base; path = Base.lproj/Main.storyboard; sourceTree = "<group>"; };
		86C896F21D70F93000FC5ACC /* Assets.xcassets */ = {isa = PBXFileReference; lastKnownFileType = folder.assetcatalog; path = Assets.xcassets; sourceTree = "<group>"; };
		86C896F51D70F93000FC5ACC /* Base */ = {isa = PBXFileReference; lastKnownFileType = file.storyboard; name = Base; path = Base.lproj/LaunchScreen.storyboard; sourceTree = "<group>"; };
		86C896F71D70F93000FC5ACC /* Info.plist */ = {isa = PBXFileReference; lastKnownFileType = text.plist.xml; path = Info.plist; sourceTree = "<group>"; };
		86C896FC1D70F93000FC5ACC /* RoshamboTests.xctest */ = {isa = PBXFileReference; explicitFileType = wrapper.cfbundle; includeInIndex = 0; path = RoshamboTests.xctest; sourceTree = BUILT_PRODUCTS_DIR; };
		86C897001D70F93000FC5ACC /* RoshamboTests.swift */ = {isa = PBXFileReference; lastKnownFileType = sourcecode.swift; path = RoshamboTests.swift; sourceTree = "<group>"; };
		86C897021D70F93000FC5ACC /* Info.plist */ = {isa = PBXFileReference; lastKnownFileType = text.plist.xml; path = Info.plist; sourceTree = "<group>"; };
		86C897071D70F93000FC5ACC /* RoshamboUITests.xctest */ = {isa = PBXFileReference; explicitFileType = wrapper.cfbundle; includeInIndex = 0; path = RoshamboUITests.xctest; sourceTree = BUILT_PRODUCTS_DIR; };
		86C8970B1D70F93000FC5ACC /* RoshamboUITests.swift */ = {isa = PBXFileReference; lastKnownFileType = sourcecode.swift; path = RoshamboUITests.swift; sourceTree = "<group>"; };
		86C8970D1D70F93000FC5ACC /* Info.plist */ = {isa = PBXFileReference; lastKnownFileType = text.plist.xml; path = Info.plist; sourceTree = "<group>"; };
/* End PBXFileReference section */

/* Begin PBXFrameworksBuildPhase section */
		86C896E51D70F92F00FC5ACC /* Frameworks */ = {
			isa = PBXFrameworksBuildPhase;
			buildActionMask = 2147483647;
			files = (
			);
			runOnlyForDeploymentPostprocessing = 0;
		};
		86C896F91D70F93000FC5ACC /* Frameworks */ = {
			isa = PBXFrameworksBuildPhase;
			buildActionMask = 2147483647;
			files = (
			);
			runOnlyForDeploymentPostprocessing = 0;
		};
		86C897041D70F93000FC5ACC /* Frameworks */ = {
			isa = PBXFrameworksBuildPhase;
			buildActionMask = 2147483647;
			files = (
			);
			runOnlyForDeploymentPostprocessing = 0;
		};
/* End PBXFrameworksBuildPhase section */

/* Begin PBXGroup section */
		86C896DF1D70F92F00FC5ACC = {
			isa = PBXGroup;
			children = (
				86C896EA1D70F92F00FC5ACC /* Roshambo */,
				86C896FF1D70F93000FC5ACC /* RoshamboTests */,
				86C8970A1D70F93000FC5ACC /* RoshamboUITests */,
				86C896E91D70F92F00FC5ACC /* Products */,
			);
			sourceTree = "<group>";
		};
		86C896E91D70F92F00FC5ACC /* Products */ = {
			isa = PBXGroup;
			children = (
				86C896E81D70F92F00FC5ACC /* Roshambo.app */,
				86C896FC1D70F93000FC5ACC /* RoshamboTests.xctest */,
				86C897071D70F93000FC5ACC /* RoshamboUITests.xctest */,
			);
			name = Products;
			sourceTree = "<group>";
		};
		86C896EA1D70F92F00FC5ACC /* Roshambo */ = {
			isa = PBXGroup;
			children = (
				86C896EB1D70F92F00FC5ACC /* AppDelegate.swift */,
				86C896ED1D70F92F00FC5ACC /* ViewController.swift */,
				86C896EF1D70F92F00FC5ACC /* Main.storyboard */,
				867D8E641D74D8AE0021F9C5 /* ResultViewController.swift */,
				86C896F21D70F93000FC5ACC /* Assets.xcassets */,
				86C896F41D70F93000FC5ACC /* LaunchScreen.storyboard */,
				86C896F71D70F93000FC5ACC /* Info.plist */,
			);
			path = Roshambo;
			sourceTree = "<group>";
		};
		86C896FF1D70F93000FC5ACC /* RoshamboTests */ = {
			isa = PBXGroup;
			children = (
				86C897001D70F93000FC5ACC /* RoshamboTests.swift */,
				86C897021D70F93000FC5ACC /* Info.plist */,
			);
			path = RoshamboTests;
			sourceTree = "<group>";
		};
		86C8970A1D70F93000FC5ACC /* RoshamboUITests */ = {
			isa = PBXGroup;
			children = (
				86C8970B1D70F93000FC5ACC /* RoshamboUITests.swift */,
				86C8970D1D70F93000FC5ACC /* Info.plist */,
			);
			path = RoshamboUITests;
			sourceTree = "<group>";
		};
/* End PBXGroup section */

/* Begin PBXNativeTarget section */
		86C896E71D70F92F00FC5ACC /* Roshambo */ = {
			isa = PBXNativeTarget;
			buildConfigurationList = 86C897101D70F93000FC5ACC /* Build configuration list for PBXNativeTarget "Roshambo" */;
			buildPhases = (
				86C896E41D70F92F00FC5ACC /* Sources */,
				86C896E51D70F92F00FC5ACC /* Frameworks */,
				86C896E61D70F92F00FC5ACC /* Resources */,
			);
			buildRules = (
			);
			dependencies = (
			);
			name = Roshambo;
			productName = Roshambo;
			productReference = 86C896E81D70F92F00FC5ACC /* Roshambo.app */;
			productType = "com.apple.product-type.application";
		};
		86C896FB1D70F93000FC5ACC /* RoshamboTests */ = {
			isa = PBXNativeTarget;
			buildConfigurationList = 86C897131D70F93000FC5ACC /* Build configuration list for PBXNativeTarget "RoshamboTests" */;
			buildPhases = (
				86C896F81D70F93000FC5ACC /* Sources */,
				86C896F91D70F93000FC5ACC /* Frameworks */,
				86C896FA1D70F93000FC5ACC /* Resources */,
			);
			buildRules = (
			);
			dependencies = (
				86C896FE1D70F93000FC5ACC /* PBXTargetDependency */,
			);
			name = RoshamboTests;
			productName = RoshamboTests;
			productReference = 86C896FC1D70F93000FC5ACC /* RoshamboTests.xctest */;
			productType = "com.apple.product-type.bundle.unit-test";
		};
		86C897061D70F93000FC5ACC /* RoshamboUITests */ = {
			isa = PBXNativeTarget;
			buildConfigurationList = 86C897161D70F93000FC5ACC /* Build configuration list for PBXNativeTarget "RoshamboUITests" */;
			buildPhases = (
				86C897031D70F93000FC5ACC /* Sources */,
				86C897041D70F93000FC5ACC /* Frameworks */,
				86C897051D70F93000FC5ACC /* Resources */,
			);
			buildRules = (
			);
			dependencies = (
				86C897091D70F93000FC5ACC /* PBXTargetDependency */,
			);
			name = RoshamboUITests;
			productName = RoshamboUITests;
			productReference = 86C897071D70F93000FC5ACC /* RoshamboUITests.xctest */;
			productType = "com.apple.product-type.bundle.ui-testing";
		};
/* End PBXNativeTarget section */

/* Begin PBXProject section */
		86C896E01D70F92F00FC5ACC /* Project object */ = {
			isa = PBXProject;
			attributes = {
				LastSwiftUpdateCheck = 0730;
				LastUpgradeCheck = 0730;
				ORGANIZATIONNAME = "Megha Rastogi";
				TargetAttributes = {
					86C896E71D70F92F00FC5ACC = {
						CreatedOnToolsVersion = 7.3.1;
					};
					86C896FB1D70F93000FC5ACC = {
						CreatedOnToolsVersion = 7.3.1;
						TestTargetID = 86C896E71D70F92F00FC5ACC;
					};
					86C897061D70F93000FC5ACC = {
						CreatedOnToolsVersion = 7.3.1;
						TestTargetID = 86C896E71D70F92F00FC5ACC;
					};
				};
			};
			buildConfigurationList = 86C896E31D70F92F00FC5ACC /* Build configuration list for PBXProject "Roshambo" */;
			compatibilityVersion = "Xcode 3.2";
			developmentRegion = English;
			hasScannedForEncodings = 0;
			knownRegions = (
				en,
				Base,
			);
			mainGroup = 86C896DF1D70F92F00FC5ACC;
			productRefGroup = 86C896E91D70F92F00FC5ACC /* Products */;
			projectDirPath = "";
			projectRoot = "";
			targets = (
				86C896E71D70F92F00FC5ACC /* Roshambo */,
				86C896FB1D70F93000FC5ACC /* RoshamboTests */,
				86C897061D70F93000FC5ACC /* RoshamboUITests */,
			);
		};
/* End PBXProject section */

/* Begin PBXResourcesBuildPhase section */
		86C896E61D70F92F00FC5ACC /* Resources */ = {
			isa = PBXResourcesBuildPhase;
			buildActionMask = 2147483647;
			files = (
				86C896F61D70F93000FC5ACC /* LaunchScreen.storyboard in Resources */,
				86C896F31D70F93000FC5ACC /* Assets.xcassets in Resources */,
				86C896F11D70F93000FC5ACC /* Main.storyboard in Resources */,
			);
			runOnlyForDeploymentPostprocessing = 0;
		};
		86C896FA1D70F93000FC5ACC /* Resources */ = {
			isa = PBXResourcesBuildPhase;
			buildActionMask = 2147483647;
			files = (
			);
			runOnlyForDeploymentPostprocessing = 0;
		};
		86C897051D70F93000FC5ACC /* Resources */ = {
			isa = PBXResourcesBuildPhase;
			buildActionMask = 2147483647;
			files = (
			);
			runOnlyForDeploymentPostprocessing = 0;
		};
/* End PBXResourcesBuildPhase section */

/* Begin PBXSourcesBuildPhase section */
		86C896E41D70F92F00FC5ACC /* Sources */ = {
			isa = PBXSourcesBuildPhase;
			buildActionMask = 2147483647;
			files = (
				86C896EE1D70F92F00FC5ACC /* ViewController.swift in Sources */,
				86C896EC1D70F92F00FC5ACC /* AppDelegate.swift in Sources */,
				867D8E651D74D8AE0021F9C5 /* ResultViewController.swift in Sources */,
			);
			runOnlyForDeploymentPostprocessing = 0;
		};
		86C896F81D70F93000FC5ACC /* Sources */ = {
			isa = PBXSourcesBuildPhase;
			buildActionMask = 2147483647;
			files = (
				86C897011D70F93000FC5ACC /* RoshamboTests.swift in Sources */,
			);
			runOnlyForDeploymentPostprocessing = 0;
		};
		86C897031D70F93000FC5ACC /* Sources */ = {
			isa = PBXSourcesBuildPhase;
			buildActionMask = 2147483647;
			files = (
				86C8970C1D70F93000FC5ACC /* RoshamboUITests.swift in Sources */,
			);
			runOnlyForDeploymentPostprocessing = 0;
		};
/* End PBXSourcesBuildPhase section */

/* Begin PBXTargetDependency section */
		86C896FE1D70F93000FC5ACC /* PBXTargetDependency */ = {
			isa = PBXTargetDependency;
			target = 86C896E71D70F92F00FC5ACC /* Roshambo */;
			targetProxy = 86C896FD1D70F93000FC5ACC /* PBXContainerItemProxy */;
		};
		86C897091D70F93000FC5ACC /* PBXTargetDependency */ = {
			isa = PBXTargetDependency;
			target = 86C896E71D70F92F00FC5ACC /* Roshambo */;
			targetProxy = 86C897081D70F93000FC5ACC /* PBXContainerItemProxy */;
		};
/* End PBXTargetDependency section */

/* Begin PBXVariantGroup section */
		86C896EF1D70F92F00FC5ACC /* Main.storyboard */ = {
			isa = PBXVariantGroup;
			children = (
				86C896F01D70F92F00FC5ACC /* Base */,
			);
			name = Main.storyboard;
			sourceTree = "<group>";
		};
		86C896F41D70F93000FC5ACC /* LaunchScreen.storyboard */ = {
			isa = PBXVariantGroup;
			children = (
				86C896F51D70F93000FC5ACC /* Base */,
			);
			name = LaunchScreen.storyboard;
			sourceTree = "<group>";
		};
/* End PBXVariantGroup section */

/* Begin XCBuildConfiguration section */
		86C8970E1D70F93000FC5ACC /* Debug */ = {
			isa = XCBuildConfiguration;
			buildSettings = {
				ALWAYS_SEARCH_USER_PATHS = NO;
				CLANG_ANALYZER_NONNULL = YES;
				CLANG_CXX_LANGUAGE_STANDARD = "gnu++0x";
				CLANG_CXX_LIBRARY = "libc++";
				CLANG_ENABLE_MODULES = YES;
				CLANG_ENABLE_OBJC_ARC = YES;
				CLANG_WARN_BOOL_CONVERSION = YES;
				CLANG_WARN_CONSTANT_CONVERSION = YES;
				CLANG_WARN_DIRECT_OBJC_ISA_USAGE = YES_ERROR;
				CLANG_WARN_EMPTY_BODY = YES;
				CLANG_WARN_ENUM_CONVERSION = YES;
				CLANG_WARN_INT_CONVERSION = YES;
				CLANG_WARN_OBJC_ROOT_CLASS = YES_ERROR;
				CLANG_WARN_UNREACHABLE_CODE = YES;
				CLANG_WARN__DUPLICATE_METHOD_MATCH = YES;
				"CODE_SIGN_IDENTITY[sdk=iphoneos*]" = "iPhone Developer";
				COPY_PHASE_STRIP = NO;
				DEBUG_INFORMATION_FORMAT = dwarf;
				ENABLE_STRICT_OBJC_MSGSEND = YES;
				ENABLE_TESTABILITY = YES;
				GCC_C_LANGUAGE_STANDARD = gnu99;
				GCC_DYNAMIC_NO_PIC = NO;
				GCC_NO_COMMON_BLOCKS = YES;
				GCC_OPTIMIZATION_LEVEL = 0;
				GCC_PREPROCESSOR_DEFINITIONS = (
					"DEBUG=1",
					"$(inherited)",
				);
				GCC_WARN_64_TO_32_BIT_CONVERSION = YES;
				GCC_WARN_ABOUT_RETURN_TYPE = YES_ERROR;
				GCC_WARN_UNDECLARED_SELECTOR = YES;
				GCC_WARN_UNINITIALIZED_AUTOS = YES_AGGRESSIVE;
				GCC_WARN_UNUSED_FUNCTION = YES;
				GCC_WARN_UNUSED_VARIABLE = YES;
				IPHONEOS_DEPLOYMENT_TARGET = 9.3;
				MTL_ENABLE_DEBUG_INFO = YES;
				ONLY_ACTIVE_ARCH = YES;
				SDKROOT = iphoneos;
				SWIFT_OPTIMIZATION_LEVEL = "-Onone";
				TARGETED_DEVICE_FAMILY = "1,2";
			};
			name = Debug;
		};
		86C8970F1D70F93000FC5ACC /* Release */ = {
			isa = XCBuildConfiguration;
			buildSettings = {
				ALWAYS_SEARCH_USER_PATHS = NO;
				CLANG_ANALYZER_NONNULL = YES;
				CLANG_CXX_LANGUAGE_STANDARD = "gnu++0x";
				CLANG_CXX_LIBRARY = "libc++";
				CLANG_ENABLE_MODULES = YES;
				CLANG_ENABLE_OBJC_ARC = YES;
				CLANG_WARN_BOOL_CONVERSION = YES;
				CLANG_WARN_CONSTANT_CONVERSION = YES;
				CLANG_WARN_DIRECT_OBJC_ISA_USAGE = YES_ERROR;
				CLANG_WARN_EMPTY_BODY = YES;
				CLANG_WARN_ENUM_CONVERSION = YES;
				CLANG_WARN_INT_CONVERSION = YES;
				CLANG_WARN_OBJC_ROOT_CLASS = YES_ERROR;
				CLANG_WARN_UNREACHABLE_CODE = YES;
				CLANG_WARN__DUPLICATE_METHOD_MATCH = YES;
				"CODE_SIGN_IDENTITY[sdk=iphoneos*]" = "iPhone Developer";
				COPY_PHASE_STRIP = NO;
				DEBUG_INFORMATION_FORMAT = "dwarf-with-dsym";
				ENABLE_NS_ASSERTIONS = NO;
				ENABLE_STRICT_OBJC_MSGSEND = YES;
				GCC_C_LANGUAGE_STANDARD = gnu99;
				GCC_NO_COMMON_BLOCKS = YES;
				GCC_WARN_64_TO_32_BIT_CONVERSION = YES;
				GCC_WARN_ABOUT_RETURN_TYPE = YES_ERROR;
				GCC_WARN_UNDECLARED_SELECTOR = YES;
				GCC_WARN_UNINITIALIZED_AUTOS = YES_AGGRESSIVE;
				GCC_WARN_UNUSED_FUNCTION = YES;
				GCC_WARN_UNUSED_VARIABLE = YES;
				IPHONEOS_DEPLOYMENT_TARGET = 9.3;
				MTL_ENABLE_DEBUG_INFO = NO;
				SDKROOT = iphoneos;
				TARGETED_DEVICE_FAMILY = "1,2";
				VALIDATE_PRODUCT = YES;
			};
			name = Release;
		};
		86C897111D70F93000FC5ACC /* Debug */ = {
			isa = XCBuildConfiguration;
			buildSettings = {
				ASSETCATALOG_COMPILER_APPICON_NAME = AppIcon;
				INFOPLIST_FILE = Roshambo/Info.plist;
				LD_RUNPATH_SEARCH_PATHS = "$(inherited) @executable_path/Frameworks";
				PRODUCT_BUNDLE_IDENTIFIER = com.compchaps.Roshambo;
				PRODUCT_NAME = "$(TARGET_NAME)";
			};
			name = Debug;
		};
		86C897121D70F93000FC5ACC /* Release */ = {
			isa = XCBuildConfiguration;
			buildSettings = {
				ASSETCATALOG_COMPILER_APPICON_NAME = AppIcon;
				INFOPLIST_FILE = Roshambo/Info.plist;
				LD_RUNPATH_SEARCH_PATHS = "$(inherited) @executable_path/Frameworks";
				PRODUCT_BUNDLE_IDENTIFIER = com.compchaps.Roshambo;
				PRODUCT_NAME = "$(TARGET_NAME)";
			};
			name = Release;
		};
		86C897141D70F93000FC5ACC /* Debug */ = {
			isa = XCBuildConfiguration;
			buildSettings = {
				BUNDLE_LOADER = "$(TEST_HOST)";
				INFOPLIST_FILE = RoshamboTests/Info.plist;
				LD_RUNPATH_SEARCH_PATHS = "$(inherited) @executable_path/Frameworks @loader_path/Frameworks";
				PRODUCT_BUNDLE_IDENTIFIER = com.compchaps.RoshamboTests;
				PRODUCT_NAME = "$(TARGET_NAME)";
				TEST_HOST = "$(BUILT_PRODUCTS_DIR)/Roshambo.app/Roshambo";
			};
			name = Debug;
		};
		86C897151D70F93000FC5ACC /* Release */ = {
			isa = XCBuildConfiguration;
			buildSettings = {
				BUNDLE_LOADER = "$(TEST_HOST)";
				INFOPLIST_FILE = RoshamboTests/Info.plist;
				LD_RUNPATH_SEARCH_PATHS = "$(inherited) @executable_path/Frameworks @loader_path/Frameworks";
				PRODUCT_BUNDLE_IDENTIFIER = com.compchaps.RoshamboTests;
				PRODUCT_NAME = "$(TARGET_NAME)";
				TEST_HOST = "$(BUILT_PRODUCTS_DIR)/Roshambo.app/Roshambo";
			};
			name = Release;
		};
		86C897171D70F93000FC5ACC /* Debug */ = {
			isa = XCBuildConfiguration;
			buildSettings = {
				INFOPLIST_FILE = RoshamboUITests/Info.plist;
				LD_RUNPATH_SEARCH_PATHS = "$(inherited) @executable_path/Frameworks @loader_path/Frameworks";
				PRODUCT_BUNDLE_IDENTIFIER = com.compchaps.RoshamboUITests;
				PRODUCT_NAME = "$(TARGET_NAME)";
				TEST_TARGET_NAME = Roshambo;
			};
			name = Debug;
		};
		86C897181D70F93000FC5ACC /* Release */ = {
			isa = XCBuildConfiguration;
			buildSettings = {
				INFOPLIST_FILE = RoshamboUITests/Info.plist;
				LD_RUNPATH_SEARCH_PATHS = "$(inherited) @executable_path/Frameworks @loader_path/Frameworks";
				PRODUCT_BUNDLE_IDENTIFIER = com.compchaps.RoshamboUITests;
				PRODUCT_NAME = "$(TARGET_NAME)";
				TEST_TARGET_NAME = Roshambo;
			};
			name = Release;
		};
/* End XCBuildConfiguration section */

/* Begin XCConfigurationList section */
		86C896E31D70F92F00FC5ACC /* Build configuration list for PBXProject "Roshambo" */ = {
			isa = XCConfigurationList;
			buildConfigurations = (
				86C8970E1D70F93000FC5ACC /* Debug */,
				86C8970F1D70F93000FC5ACC /* Release */,
			);
			defaultConfigurationIsVisible = 0;
			defaultConfigurationName = Release;
		};
		86C897101D70F93000FC5ACC /* Build configuration list for PBXNativeTarget "Roshambo" */ = {
			isa = XCConfigurationList;
			buildConfigurations = (
				86C897111D70F93000FC5ACC /* Debug */,
				86C897121D70F93000FC5ACC /* Release */,
			);
			defaultConfigurationIsVisible = 0;
			defaultConfigurationName = Release;
		};
		86C897131D70F93000FC5ACC /* Build configuration list for PBXNativeTarget "RoshamboTests" */ = {
			isa = XCConfigurationList;
			buildConfigurations = (
				86C897141D70F93000FC5ACC /* Debug */,
				86C897151D70F93000FC5ACC /* Release */,
			);
			defaultConfigurationIsVisible = 0;
			defaultConfigurationName = Release;
		};
		86C897161D70F93000FC5ACC /* Build configuration list for PBXNativeTarget "RoshamboUITests" */ = {
			isa = XCConfigurationList;
			buildConfigurations = (
				86C897171D70F93000FC5ACC /* Debug */,
				86C897181D70F93000FC5ACC /* Release */,
			);
			defaultConfigurationIsVisible = 0;
			defaultConfigurationName = Release;
		};
/* End XCConfigurationList section */
	};
	rootObject = 86C896E01D70F92F00FC5ACC /* Project object */;
}
